{
  "version": 4,
  "terraform_version": "1.10.5",
  "serial": 58,
  "lineage": "9d568d1e-ae99-1532-10fa-48db1274bb19",
  "outputs": {
    "lambda_function_arn": {
      "value": "arn:aws:lambda:us-east-1:423623854900:function:clean_energy_lambda",
      "type": "string"
    },
    "lambda_function_name": {
      "value": "clean_energy_lambda",
      "type": "string"
    },
    "lambda_role_arn": {
      "value": "arn:aws:iam::423623854900:role/lambda_exec_role",
      "type": "string"
    }
  },
  "resources": [
    {
      "mode": "data",
      "type": "archive_file",
      "name": "lambda_zip",
      "provider": "provider[\"registry.terraform.io/hashicorp/archive\"]",
      "instances": [
        {
          "schema_version": 0,
          "attributes": {
            "exclude_symlink_directories": null,
            "excludes": null,
            "id": "962d0065912ac1bfd24e1dc3653106cc6b9af344",
            "output_base64sha256": "LjQ3hFTJv5f02PxQzF/Hhsazn+2eyvxft2pPQlMx63g=",
            "output_base64sha512": "IesJPgzbpTGvdlT4sZddSsTzWkB+wDdiM+hIZ+S2r+/nqXYm1k/x9s929HNUwAQfz4lFe+EquPuuuXCDVZt3xw==",
            "output_file_mode": null,
            "output_md5": "82187c53248d15bf3b7d32d439ca8a6f",
            "output_path": "./lambda_function.zip",
            "output_sha": "962d0065912ac1bfd24e1dc3653106cc6b9af344",
            "output_sha256": "2e34378454c9bf97f4d8fc50cc5fc786c6b39fed9ecafc5fb76a4f425331eb78",
            "output_sha512": "21eb093e0cdba531af7654f8b1975d4ac4f35a407ec0376233e84867e4b6afefe7a97626d64ff1f6cf76f47354c0041fcf89457be12ab8fbaeb97083559b77c7",
            "output_size": 20537192,
            "source": [],
            "source_content": null,
            "source_content_filename": null,
            "source_dir": "../lambda_function",
            "source_file": null,
            "type": "zip"
          },
          "sensitive_attributes": []
        }
      ]
    },
    {
      "mode": "data",
      "type": "aws_ami",
      "name": "amazon_linux_2",
      "provider": "provider[\"registry.terraform.io/hashicorp/aws\"]",
      "instances": [
        {
          "schema_version": 0,
          "attributes": {
            "architecture": "x86_64",
            "arn": "arn:aws:ec2:us-east-1::image/ami-032ae1bccc5be78ca",
            "block_device_mappings": [
              {
                "device_name": "/dev/xvda",
                "ebs": {
                  "delete_on_termination": "true",
                  "encrypted": "false",
                  "iops": "0",
                  "snapshot_id": "snap-0c6f7b89f5a51f3ce",
                  "throughput": "0",
                  "volume_size": "8",
                  "volume_type": "gp2"
                },
                "no_device": "",
                "virtual_name": ""
              }
            ],
            "boot_mode": "",
            "creation_date": "2025-01-23T03:26:37.000Z",
            "deprecation_time": "2025-07-01T00:00:00.000Z",
            "description": "Amazon Linux 2 AMI 2.0.20250123.4 x86_64 HVM gp2",
            "ena_support": true,
            "executable_users": null,
            "filter": [
              {
                "name": "name",
                "values": [
                  "amzn2-ami-hvm-*-x86_64-gp2"
                ]
              }
            ],
            "hypervisor": "xen",
            "id": "ami-032ae1bccc5be78ca",
            "image_id": "ami-032ae1bccc5be78ca",
            "image_location": "amazon/amzn2-ami-hvm-2.0.20250123.4-x86_64-gp2",
            "image_owner_alias": "amazon",
            "image_type": "machine",
            "imds_support": "",
            "include_deprecated": false,
            "kernel_id": "",
            "most_recent": true,
            "name": "amzn2-ami-hvm-2.0.20250123.4-x86_64-gp2",
            "name_regex": null,
            "owner_id": "137112412989",
            "owners": [
              "amazon"
            ],
            "platform": "",
            "platform_details": "Linux/UNIX",
            "product_codes": [],
            "public": true,
            "ramdisk_id": "",
            "root_device_name": "/dev/xvda",
            "root_device_type": "ebs",
            "root_snapshot_id": "snap-0c6f7b89f5a51f3ce",
            "sriov_net_support": "simple",
            "state": "available",
            "state_reason": {
              "code": "UNSET",
              "message": "UNSET"
            },
            "tags": {},
            "timeouts": null,
            "tpm_support": "",
            "uefi_data": null,
            "usage_operation": "RunInstances",
            "virtualization_type": "hvm"
          },
          "sensitive_attributes": []
        }
      ]
    },
    {
      "mode": "data",
      "type": "aws_secretsmanager_secret_version",
      "name": "clean_energy_secrets",
      "provider": "provider[\"registry.terraform.io/hashicorp/aws\"]",
      "instances": [
        {
          "schema_version": 0,
          "attributes": {
            "arn": "arn:aws:secretsmanager:us-east-1:423623854900:secret:clean-energy-secrets-eYxXmC",
            "created_date": "2025-01-25T23:55:51Z",
            "id": "clean-energy-secrets|AWSCURRENT",
            "secret_binary": "",
            "secret_id": "clean-energy-secrets",
            "secret_string": "{\"OPENWEATHER_API_KEY\":\"705b1173c89c888ecd51c5e53180817c\",\"NREL_API_KEY\":\"Y7ThdOY1PvyNo4CbYzWZKUzewt8l65BLwajY3pha\"}",
            "version_id": "aad1dfe4-c91e-4044-878c-72522ebe6a06",
            "version_stage": "AWSCURRENT",
            "version_stages": [
              "AWSCURRENT"
            ]
          },
          "sensitive_attributes": [
            [
              {
                "type": "get_attr",
                "value": "secret_string"
              }
            ],
            [
              {
                "type": "get_attr",
                "value": "secret_binary"
              }
            ]
          ]
        }
      ]
    },
    {
      "mode": "managed",
      "type": "aws_cloudwatch_log_group",
      "name": "lambda_log_group",
      "provider": "provider[\"registry.terraform.io/hashicorp/aws\"]",
      "instances": [
        {
          "schema_version": 0,
          "attributes": {
            "arn": "arn:aws:logs:us-east-1:423623854900:log-group:/aws/lambda/clean_energy_lambda",
            "id": "/aws/lambda/clean_energy_lambda",
            "kms_key_id": "",
            "log_group_class": "STANDARD",
            "name": "/aws/lambda/clean_energy_lambda",
            "name_prefix": "",
            "retention_in_days": 7,
            "skip_destroy": false,
            "tags": {},
            "tags_all": {}
          },
          "sensitive_attributes": [],
          "private": "bnVsbA==",
          "dependencies": [
            "aws_iam_role.lambda_exec_role",
            "aws_lambda_function.clean_energy_lambda",
            "data.archive_file.lambda_zip",
            "data.aws_secretsmanager_secret_version.clean_energy_secrets"
          ]
        }
      ]
    },
    {
      "mode": "managed",
      "type": "aws_iam_policy",
      "name": "lambda_policy",
      "provider": "provider[\"registry.terraform.io/hashicorp/aws\"]",
      "instances": [
        {
          "schema_version": 0,
          "attributes": {
            "arn": "arn:aws:iam::423623854900:policy/lambda_policy",
            "attachment_count": 1,
            "description": "Policy for Lambda to access S3, CloudWatch, ECR, and Secrets Manager",
            "id": "arn:aws:iam::423623854900:policy/lambda_policy",
            "name": "lambda_policy",
            "name_prefix": "",
            "path": "/",
            "policy": "{\"Statement\":[{\"Action\":[\"s3:GetObject\",\"s3:PutObject\",\"s3:ListBucket\"],\"Effect\":\"Allow\",\"Resource\":[\"arn:aws:s3:::clean-energy-bucket\",\"arn:aws:s3:::clean-energy-bucket/*\"]},{\"Action\":[\"logs:CreateLogGroup\",\"logs:CreateLogStream\",\"logs:PutLogEvents\"],\"Effect\":\"Allow\",\"Resource\":\"*\"},{\"Action\":[\"secretsmanager:GetSecretValue\"],\"Effect\":\"Allow\",\"Resource\":\"arn:aws:secretsmanager:us-east-1:423623854900:secret:clean-energy-secrets-eYxXmC\"}],\"Version\":\"2012-10-17\"}",
            "policy_id": "ANPAWFIPTBM2AXHVJHJNZ",
            "tags": {},
            "tags_all": {}
          },
          "sensitive_attributes": [],
          "private": "bnVsbA=="
        }
      ]
    },
    {
      "mode": "managed",
      "type": "aws_iam_role",
      "name": "lambda_exec_role",
      "provider": "provider[\"registry.terraform.io/hashicorp/aws\"]",
      "instances": [
        {
          "schema_version": 0,
          "attributes": {
            "arn": "arn:aws:iam::423623854900:role/lambda_exec_role",
            "assume_role_policy": "{\"Statement\":[{\"Action\":\"sts:AssumeRole\",\"Effect\":\"Allow\",\"Principal\":{\"Service\":\"lambda.amazonaws.com\"}}],\"Version\":\"2012-10-17\"}",
            "create_date": "2025-01-27T13:21:51Z",
            "description": "",
            "force_detach_policies": false,
            "id": "lambda_exec_role",
            "inline_policy": [],
            "managed_policy_arns": [
              "arn:aws:iam::423623854900:policy/lambda_policy",
              "arn:aws:iam::aws:policy/service-role/AWSLambdaBasicExecutionRole"
            ],
            "max_session_duration": 3600,
            "name": "lambda_exec_role",
            "name_prefix": "",
            "path": "/",
            "permissions_boundary": "",
            "tags": {},
            "tags_all": {},
            "unique_id": "AROAWFIPTBM2JJMS4CEQC"
          },
          "sensitive_attributes": [],
          "private": "bnVsbA=="
        }
      ]
    },
    {
      "mode": "managed",
      "type": "aws_iam_role_policy_attachment",
      "name": "lambda_basic_execution",
      "provider": "provider[\"registry.terraform.io/hashicorp/aws\"]",
      "instances": [
        {
          "schema_version": 0,
          "attributes": {
            "id": "lambda_exec_role-20250127132151266100000002",
            "policy_arn": "arn:aws:iam::aws:policy/service-role/AWSLambdaBasicExecutionRole",
            "role": "lambda_exec_role"
          },
          "sensitive_attributes": [],
          "private": "bnVsbA==",
          "dependencies": [
            "aws_iam_role.lambda_exec_role"
          ]
        }
      ]
    },
    {
      "mode": "managed",
      "type": "aws_iam_role_policy_attachment",
      "name": "lambda_policy_attachment",
      "provider": "provider[\"registry.terraform.io/hashicorp/aws\"]",
      "instances": [
        {
          "schema_version": 0,
          "attributes": {
            "id": "lambda_exec_role-20250127134021885900000001",
            "policy_arn": "arn:aws:iam::423623854900:policy/lambda_policy",
            "role": "lambda_exec_role"
          },
          "sensitive_attributes": [],
          "private": "bnVsbA==",
          "dependencies": [
            "aws_iam_policy.lambda_policy",
            "aws_iam_role.lambda_exec_role"
          ]
        }
      ]
    },
    {
      "mode": "managed",
      "type": "aws_lambda_function",
      "name": "clean_energy_lambda",
      "provider": "provider[\"registry.terraform.io/hashicorp/aws\"]",
      "instances": [
        {
          "schema_version": 0,
          "attributes": {
            "architectures": [
              "x86_64"
            ],
            "arn": "arn:aws:lambda:us-east-1:423623854900:function:clean_energy_lambda",
            "code_sha256": "LjQ3hFTJv5f02PxQzF/Hhsazn+2eyvxft2pPQlMx63g=",
            "code_signing_config_arn": "",
            "dead_letter_config": [],
            "description": "",
            "environment": [
              {
                "variables": {
                  "NREL_API_KEY": "Y7ThdOY1PvyNo4CbYzWZKUzewt8l65BLwajY3pha",
                  "OPENWEATHER_API_KEY": "705b1173c89c888ecd51c5e53180817c"
                }
              }
            ],
            "ephemeral_storage": [
              {
                "size": 512
              }
            ],
            "file_system_config": [],
            "filename": "./lambda_function.zip",
            "function_name": "clean_energy_lambda",
            "handler": "clean-energy.lambda_handler",
            "id": "clean_energy_lambda",
            "image_config": [],
            "image_uri": "",
            "invoke_arn": "arn:aws:apigateway:us-east-1:lambda:path/2015-03-31/functions/arn:aws:lambda:us-east-1:423623854900:function:clean_energy_lambda/invocations",
            "kms_key_arn": "",
            "last_modified": "2025-01-27T13:55:06.000+0000",
            "layers": [],
            "logging_config": [
              {
                "application_log_level": "",
                "log_format": "Text",
                "log_group": "/aws/lambda/clean_energy_lambda",
                "system_log_level": ""
              }
            ],
            "memory_size": 128,
            "package_type": "Zip",
            "publish": false,
            "qualified_arn": "arn:aws:lambda:us-east-1:423623854900:function:clean_energy_lambda:$LATEST",
            "qualified_invoke_arn": "arn:aws:apigateway:us-east-1:lambda:path/2015-03-31/functions/arn:aws:lambda:us-east-1:423623854900:function:clean_energy_lambda:$LATEST/invocations",
            "replace_security_groups_on_destroy": null,
            "replacement_security_group_ids": null,
            "reserved_concurrent_executions": -1,
            "role": "arn:aws:iam::423623854900:role/lambda_exec_role",
            "runtime": "python3.9",
            "s3_bucket": null,
            "s3_key": null,
            "s3_object_version": null,
            "signing_job_arn": "",
            "signing_profile_version_arn": "",
            "skip_destroy": false,
            "snap_start": [],
            "source_code_hash": "LjQ3hFTJv5f02PxQzF/Hhsazn+2eyvxft2pPQlMx63g=",
            "source_code_size": 20537192,
            "tags": {},
            "tags_all": {},
            "timeout": 900,
            "timeouts": null,
            "tracing_config": [
              {
                "mode": "PassThrough"
              }
            ],
            "version": "$LATEST",
            "vpc_config": []
          },
          "sensitive_attributes": [
            [
              {
                "type": "get_attr",
                "value": "environment"
              },
              {
                "type": "index",
                "value": {
                  "value": 0,
                  "type": "number"
                }
              },
              {
                "type": "get_attr",
                "value": "variables"
              },
              {
                "type": "index",
                "value": {
                  "value": "NREL_API_KEY",
                  "type": "string"
                }
              }
            ],
            [
              {
                "type": "get_attr",
                "value": "environment"
              },
              {
                "type": "index",
                "value": {
                  "value": 0,
                  "type": "number"
                }
              },
              {
                "type": "get_attr",
                "value": "variables"
              },
              {
                "type": "index",
                "value": {
                  "value": "OPENWEATHER_API_KEY",
                  "type": "string"
                }
              }
            ]
          ],
          "private": "eyJlMmJmYjczMC1lY2FhLTExZTYtOGY4OC0zNDM2M2JjN2M0YzAiOnsiY3JlYXRlIjo2MDAwMDAwMDAwMDAsImRlbGV0ZSI6NjAwMDAwMDAwMDAwLCJ1cGRhdGUiOjYwMDAwMDAwMDAwMH19",
          "dependencies": [
            "aws_iam_role.lambda_exec_role",
            "data.archive_file.lambda_zip",
            "data.aws_secretsmanager_secret_version.clean_energy_secrets"
          ]
        }
      ]
    }
  ],
  "check_results": null
}
